{
  "name": "dcrawr",
  "version": "1.0.0",
  "lockfileVersion": 1,
  "requires": true,
  "dependencies": {
    "dcraw-vendored-darwin": {
      "version": "9.28.1",
      "resolved": "https://registry.npmjs.org/dcraw-vendored-darwin/-/dcraw-vendored-darwin-9.28.1.tgz",
      "integrity": "sha512-lkos64Gv8joU4g82i8EL7cVsk5XrcgRH5vuSws9E8KJpy1+jpM2YBng0SickJX+hQblAQc3aIbMbzRKHsOUvIg==",
      "optional": true
    },
    "dcraw-vendored-linux": {
      "version": "9.28.1",
      "resolved": "https://registry.npmjs.org/dcraw-vendored-linux/-/dcraw-vendored-linux-9.28.1.tgz",
      "integrity": "sha512-0sYIvwjPfRzxfBhHPMdSJPkrGPr49ryKa/VR1VO6upMyBLadij7NhhXDQ3+dHQJNvMGHjktEcROjHJQdxOc6AA==",
      "optional": true
    },
    "dcraw-vendored-win32": {
      "version": "9.28.1",
      "resolved": "https://registry.npmjs.org/dcraw-vendored-win32/-/dcraw-vendored-win32-9.28.1.tgz",
      "integrity": "sha512-tHNun8+NM0SiUtQ8N9CfLprvRenCgU2+GWtj6DNEZZqcq3VrL+93+x9wrQEp8fFGfKse1tl+m4Cp8e/43UohTw==",
      "optional": true
    }
  }
}
